
Microsoft Visual Studio Solution File, Format Version 12.00
# Visual Studio Version 17
VisualStudioVersion = 17.14.36804.6
MinimumVisualStudioVersion = 10.0.40219.1
Project("{FAE04EC0-301F-11D3-BF4B-00C04F79EFBC}") = "xbd.PressurizationStationPro", "xbd.PressurizationStationPro\xbd.PressurizationStationPro.csproj", "{7014A13B-A0D1-41C3-BEE6-172FE98D5813}"
EndProject
Project("{FAE04EC0-301F-11D3-BF4B-00C04F79EFBC}") = "xbd.ControlLib", "xbd.ControlLib\xbd.ControlLib.csproj", "{D95ED733-CF03-4636-A414-3882D3FA8CAB}"
EndProject
Project("{FAE04EC0-301F-11D3-BF4B-00C04F79EFBC}") = "xbd.DataConvertLib", "xbd.DataConvertLib\xbd.DataConvertLib.csproj", "{867237AD-51F4-4CA5-AD32-D68844CC9101}"
EndProject
Project("{FAE04EC0-301F-11D3-BF4B-00C04F79EFBC}") = "xbd.s7netplus", "xbd.s7netplus\xbd.s7netplus.csproj", "{87DCA77D-A82C-4CCD-8792-5E6CFB0CC765}"
EndProject
Project("{FAE04EC0-301F-11D3-BF4B-00C04F79EFBC}") = "xbd.ModbusLib", "xbd.ModbusLib\xbd.ModbusLib.csproj", "{5E6E83A5-3821-4415-878F-84021492B53E}"
EndProject
Global
	GlobalSection(SolutionConfigurationPlatforms) = preSolution
		Debug|Any CPU = Debug|Any CPU
		Release|Any CPU = Release|Any CPU
	EndGlobalSection
	GlobalSection(ProjectConfigurationPlatforms) = postSolution
		{7014A13B-A0D1-41C3-BEE6-172FE98D5813}.Debug|Any CPU.ActiveCfg = Debug|Any CPU
		{7014A13B-A0D1-41C3-BEE6-172FE98D5813}.Debug|Any CPU.Build.0 = Debug|Any CPU
		{7014A13B-A0D1-41C3-BEE6-172FE98D5813}.Release|Any CPU.ActiveCfg = Release|Any CPU
		{7014A13B-A0D1-41C3-BEE6-172FE98D5813}.Release|Any CPU.Build.0 = Release|Any CPU
		{D95ED733-CF03-4636-A414-3882D3FA8CAB}.Debug|Any CPU.ActiveCfg = Debug|Any CPU
		{D95ED733-CF03-4636-A414-3882D3FA8CAB}.Debug|Any CPU.Build.0 = Debug|Any CPU
		{D95ED733-CF03-4636-A414-3882D3FA8CAB}.Release|Any CPU.ActiveCfg = Release|Any CPU
		{D95ED733-CF03-4636-A414-3882D3FA8CAB}.Release|Any CPU.Build.0 = Release|Any CPU
		{867237AD-51F4-4CA5-AD32-D68844CC9101}.Debug|Any CPU.ActiveCfg = Debug|Any CPU
		{867237AD-51F4-4CA5-AD32-D68844CC9101}.Debug|Any CPU.Build.0 = Debug|Any CPU
		{867237AD-51F4-4CA5-AD32-D68844CC9101}.Release|Any CPU.ActiveCfg = Release|Any CPU
		{867237AD-51F4-4CA5-AD32-D68844CC9101}.Release|Any CPU.Build.0 = Release|Any CPU
		{87DCA77D-A82C-4CCD-8792-5E6CFB0CC765}.Debug|Any CPU.ActiveCfg = Debug|Any CPU
		{87DCA77D-A82C-4CCD-8792-5E6CFB0CC765}.Debug|Any CPU.Build.0 = Debug|Any CPU
		{87DCA77D-A82C-4CCD-8792-5E6CFB0CC765}.Release|Any CPU.ActiveCfg = Release|Any CPU
		{87DCA77D-A82C-4CCD-8792-5E6CFB0CC765}.Release|Any CPU.Build.0 = Release|Any CPU
		{5E6E83A5-3821-4415-878F-84021492B53E}.Debug|Any CPU.ActiveCfg = Debug|Any CPU
		{5E6E83A5-3821-4415-878F-84021492B53E}.Debug|Any CPU.Build.0 = Debug|Any CPU
		{5E6E83A5-3821-4415-878F-84021492B53E}.Release|Any CPU.ActiveCfg = Release|Any CPU
		{5E6E83A5-3821-4415-878F-84021492B53E}.Release|Any CPU.Build.0 = Release|Any CPU
	EndGlobalSection
	GlobalSection(SolutionProperties) = preSolution
		HideSolutionNode = FALSE
	EndGlobalSection
	GlobalSection(ExtensibilityGlobals) = postSolution
		SolutionGuid = {330F3D14-F197-41DC-826B-EE7467B2AC7E}
	EndGlobalSection
EndGlobal
